
Microsoft Visual Studio Solution File, Format Version 12.00
# Visual Studio Express 2013 for Windows Desktop
VisualStudioVersion = 12.0.21005.1
MinimumVisualStudioVersion = 10.0.40219.1
Project("{FAE04EC0-301F-11D3-BF4B-00C04F79EFBC}") = "01ExchangeIfGreater", "01ExchangeIfGreater\01ExchangeIfGreater.csproj", "{DF7D1EF9-376C-4587-B7FB-AD01957058F9}"
EndProject
Project("{FAE04EC0-301F-11D3-BF4B-00C04F79EFBC}") = "02BonusScore", "02BonusScore\02BonusScore.csproj", "{BB44A765-D32D-47D4-8257-5DEC7F9AD105}"
EndProject
Project("{FAE04EC0-301F-11D3-BF4B-00C04F79EFBC}") = "03CheckForAPlayCard", "03CheckForAPlayCard\03CheckForAPlayCard.csproj", "{03045A89-1820-486A-ACB5-1BFA8F6BD95F}"
EndProject
Project("{FAE04EC0-301F-11D3-BF4B-00C04F79EFBC}") = "04MultiplcationSign", "04MultiplcationSign\04MultiplcationSign.csproj", "{3FB51206-4233-40FB-B8BB-E96753C460AF}"
EndProject
Project("{FAE04EC0-301F-11D3-BF4B-00C04F79EFBC}") = "05TheBiggestOfThreeNumbers", "05TheBiggestOfThreeNumbers\05TheBiggestOfThreeNumbers.csproj", "{ED38E856-FB05-461B-ACBC-466491D8247B}"
EndProject
Project("{FAE04EC0-301F-11D3-BF4B-00C04F79EFBC}") = "06TheBiggestOfFiveNumbers", "06TheBiggestOfFiveNumbers\06TheBiggestOfFiveNumbers.csproj", "{C42BE7F5-AD21-419D-B3FD-A147B55A78FC}"
EndProject
Project("{FAE04EC0-301F-11D3-BF4B-00C04F79EFBC}") = "07Sort3NumbersWithNestedIfs", "07Sort3NumbersWithNestedIfs\07Sort3NumbersWithNestedIfs.csproj", "{F184F904-1271-4BD2-9CF6-DB41A3A33299}"
EndProject
Project("{FAE04EC0-301F-11D3-BF4B-00C04F79EFBC}") = "08DigitAsWord", "08DigitAsWord\08DigitAsWord.csproj", "{DE7F2854-BCDA-45D7-944C-E5482070243C}"
EndProject
Project("{FAE04EC0-301F-11D3-BF4B-00C04F79EFBC}") = "09PlayWith IntDoubleString", "09PlayWith IntDoubleString\09PlayWith IntDoubleString.csproj", "{B83FDC3B-CF31-4F15-B926-514DC317B35E}"
EndProject
Project("{FAE04EC0-301F-11D3-BF4B-00C04F79EFBC}") = "10BeerTime", "10BeerTime\10BeerTime.csproj", "{220B7146-CAC3-4C24-B7F8-0182AD51BA68}"
EndProject
Project("{FAE04EC0-301F-11D3-BF4B-00C04F79EFBC}") = "11NumberAsWords", "11NumberAsWords\11NumberAsWords.csproj", "{3865848F-1DF4-4AB9-BEAF-F878F473A7FB}"
EndProject
Global
	GlobalSection(SolutionConfigurationPlatforms) = preSolution
		Debug|Any CPU = Debug|Any CPU
		Release|Any CPU = Release|Any CPU
	EndGlobalSection
	GlobalSection(ProjectConfigurationPlatforms) = postSolution
		{DF7D1EF9-376C-4587-B7FB-AD01957058F9}.Debug|Any CPU.ActiveCfg = Debug|Any CPU
		{DF7D1EF9-376C-4587-B7FB-AD01957058F9}.Debug|Any CPU.Build.0 = Debug|Any CPU
		{DF7D1EF9-376C-4587-B7FB-AD01957058F9}.Release|Any CPU.ActiveCfg = Release|Any CPU
		{DF7D1EF9-376C-4587-B7FB-AD01957058F9}.Release|Any CPU.Build.0 = Release|Any CPU
		{BB44A765-D32D-47D4-8257-5DEC7F9AD105}.Debug|Any CPU.ActiveCfg = Debug|Any CPU
		{BB44A765-D32D-47D4-8257-5DEC7F9AD105}.Debug|Any CPU.Build.0 = Debug|Any CPU
		{BB44A765-D32D-47D4-8257-5DEC7F9AD105}.Release|Any CPU.ActiveCfg = Release|Any CPU
		{BB44A765-D32D-47D4-8257-5DEC7F9AD105}.Release|Any CPU.Build.0 = Release|Any CPU
		{03045A89-1820-486A-ACB5-1BFA8F6BD95F}.Debug|Any CPU.ActiveCfg = Debug|Any CPU
		{03045A89-1820-486A-ACB5-1BFA8F6BD95F}.Debug|Any CPU.Build.0 = Debug|Any CPU
		{03045A89-1820-486A-ACB5-1BFA8F6BD95F}.Release|Any CPU.ActiveCfg = Release|Any CPU
		{03045A89-1820-486A-ACB5-1BFA8F6BD95F}.Release|Any CPU.Build.0 = Release|Any CPU
		{3FB51206-4233-40FB-B8BB-E96753C460AF}.Debug|Any CPU.ActiveCfg = Debug|Any CPU
		{3FB51206-4233-40FB-B8BB-E96753C460AF}.Debug|Any CPU.Build.0 = Debug|Any CPU
		{3FB51206-4233-40FB-B8BB-E96753C460AF}.Release|Any CPU.ActiveCfg = Release|Any CPU
		{3FB51206-4233-40FB-B8BB-E96753C460AF}.Release|Any CPU.Build.0 = Release|Any CPU
		{ED38E856-FB05-461B-ACBC-466491D8247B}.Debug|Any CPU.ActiveCfg = Debug|Any CPU
		{ED38E856-FB05-461B-ACBC-466491D8247B}.Debug|Any CPU.Build.0 = Debug|Any CPU
		{ED38E856-FB05-461B-ACBC-466491D8247B}.Release|Any CPU.ActiveCfg = Release|Any CPU
		{ED38E856-FB05-461B-ACBC-466491D8247B}.Release|Any CPU.Build.0 = Release|Any CPU
		{C42BE7F5-AD21-419D-B3FD-A147B55A78FC}.Debug|Any CPU.ActiveCfg = Debug|Any CPU
		{C42BE7F5-AD21-419D-B3FD-A147B55A78FC}.Debug|Any CPU.Build.0 = Debug|Any CPU
		{C42BE7F5-AD21-419D-B3FD-A147B55A78FC}.Release|Any CPU.ActiveCfg = Release|Any CPU
		{C42BE7F5-AD21-419D-B3FD-A147B55A78FC}.Release|Any CPU.Build.0 = Release|Any CPU
		{F184F904-1271-4BD2-9CF6-DB41A3A33299}.Debug|Any CPU.ActiveCfg = Debug|Any CPU
		{F184F904-1271-4BD2-9CF6-DB41A3A33299}.Debug|Any CPU.Build.0 = Debug|Any CPU
		{F184F904-1271-4BD2-9CF6-DB41A3A33299}.Release|Any CPU.ActiveCfg = Release|Any CPU
		{F184F904-1271-4BD2-9CF6-DB41A3A33299}.Release|Any CPU.Build.0 = Release|Any CPU
		{DE7F2854-BCDA-45D7-944C-E5482070243C}.Debug|Any CPU.ActiveCfg = Debug|Any CPU
		{DE7F2854-BCDA-45D7-944C-E5482070243C}.Debug|Any CPU.Build.0 = Debug|Any CPU
		{DE7F2854-BCDA-45D7-944C-E5482070243C}.Release|Any CPU.ActiveCfg = Release|Any CPU
		{DE7F2854-BCDA-45D7-944C-E5482070243C}.Release|Any CPU.Build.0 = Release|Any CPU
		{B83FDC3B-CF31-4F15-B926-514DC317B35E}.Debug|Any CPU.ActiveCfg = Debug|Any CPU
		{B83FDC3B-CF31-4F15-B926-514DC317B35E}.Debug|Any CPU.Build.0 = Debug|Any CPU
		{B83FDC3B-CF31-4F15-B926-514DC317B35E}.Release|Any CPU.ActiveCfg = Release|Any CPU
		{B83FDC3B-CF31-4F15-B926-514DC317B35E}.Release|Any CPU.Build.0 = Release|Any CPU
		{220B7146-CAC3-4C24-B7F8-0182AD51BA68}.Debug|Any CPU.ActiveCfg = Debug|Any CPU
		{220B7146-CAC3-4C24-B7F8-0182AD51BA68}.Debug|Any CPU.Build.0 = Debug|Any CPU
		{220B7146-CAC3-4C24-B7F8-0182AD51BA68}.Release|Any CPU.ActiveCfg = Release|Any CPU
		{220B7146-CAC3-4C24-B7F8-0182AD51BA68}.Release|Any CPU.Build.0 = Release|Any CPU
		{3865848F-1DF4-4AB9-BEAF-F878F473A7FB}.Debug|Any CPU.ActiveCfg = Debug|Any CPU
		{3865848F-1DF4-4AB9-BEAF-F878F473A7FB}.Debug|Any CPU.Build.0 = Debug|Any CPU
		{3865848F-1DF4-4AB9-BEAF-F878F473A7FB}.Release|Any CPU.ActiveCfg = Release|Any CPU
		{3865848F-1DF4-4AB9-BEAF-F878F473A7FB}.Release|Any CPU.Build.0 = Release|Any CPU
	EndGlobalSection
	GlobalSection(SolutionProperties) = preSolution
		HideSolutionNode = FALSE
	EndGlobalSection
EndGlobal
