
Microsoft Visual Studio Solution File, Format Version 12.00
# Visual Studio Express 2013 for Windows Desktop
VisualStudioVersion = 12.0.21005.1
MinimumVisualStudioVersion = 10.0.40219.1
Project("{FAE04EC0-301F-11D3-BF4B-00C04F79EFBC}") = "02DeclareVariables", "02DeclareVariables\02DeclareVariables.csproj", "{7AE489F6-E96A-4AD9-AD44-F154DEE7970A}"
EndProject
Project("{FAE04EC0-301F-11D3-BF4B-00C04F79EFBC}") = "03FloatOrDouble", "03FloatOrDouble\03FloatOrDouble.csproj", "{EAE93A1F-34DF-4140-8252-06A36E03F64D}"
EndProject
Project("{FAE04EC0-301F-11D3-BF4B-00C04F79EFBC}") = "04VariableInHexademicalFormat", "04VariableInHexademicalFormat\04VariableInHexademicalFormat.csproj", "{5AB90004-97CF-4742-BA6E-A8E6A4F6DAC5}"
EndProject
Project("{FAE04EC0-301F-11D3-BF4B-00C04F79EFBC}") = "05UnicodeCharacter", "05UnicodeCharacter\05UnicodeCharacter.csproj", "{B694FF09-0C84-4D22-B7FC-6609A15E70C9}"
EndProject
Global
	GlobalSection(SolutionConfigurationPlatforms) = preSolution
		Debug|Any CPU = Debug|Any CPU
		Release|Any CPU = Release|Any CPU
	EndGlobalSection
	GlobalSection(ProjectConfigurationPlatforms) = postSolution
		{7AE489F6-E96A-4AD9-AD44-F154DEE7970A}.Debug|Any CPU.ActiveCfg = Debug|Any CPU
		{7AE489F6-E96A-4AD9-AD44-F154DEE7970A}.Debug|Any CPU.Build.0 = Debug|Any CPU
		{7AE489F6-E96A-4AD9-AD44-F154DEE7970A}.Release|Any CPU.ActiveCfg = Release|Any CPU
		{7AE489F6-E96A-4AD9-AD44-F154DEE7970A}.Release|Any CPU.Build.0 = Release|Any CPU
		{EAE93A1F-34DF-4140-8252-06A36E03F64D}.Debug|Any CPU.ActiveCfg = Debug|Any CPU
		{EAE93A1F-34DF-4140-8252-06A36E03F64D}.Debug|Any CPU.Build.0 = Debug|Any CPU
		{EAE93A1F-34DF-4140-8252-06A36E03F64D}.Release|Any CPU.ActiveCfg = Release|Any CPU
		{EAE93A1F-34DF-4140-8252-06A36E03F64D}.Release|Any CPU.Build.0 = Release|Any CPU
		{5AB90004-97CF-4742-BA6E-A8E6A4F6DAC5}.Debug|Any CPU.ActiveCfg = Debug|Any CPU
		{5AB90004-97CF-4742-BA6E-A8E6A4F6DAC5}.Debug|Any CPU.Build.0 = Debug|Any CPU
		{5AB90004-97CF-4742-BA6E-A8E6A4F6DAC5}.Release|Any CPU.ActiveCfg = Release|Any CPU
		{5AB90004-97CF-4742-BA6E-A8E6A4F6DAC5}.Release|Any CPU.Build.0 = Release|Any CPU
		{B694FF09-0C84-4D22-B7FC-6609A15E70C9}.Debug|Any CPU.ActiveCfg = Debug|Any CPU
		{B694FF09-0C84-4D22-B7FC-6609A15E70C9}.Debug|Any CPU.Build.0 = Debug|Any CPU
		{B694FF09-0C84-4D22-B7FC-6609A15E70C9}.Release|Any CPU.ActiveCfg = Release|Any CPU
		{B694FF09-0C84-4D22-B7FC-6609A15E70C9}.Release|Any CPU.Build.0 = Release|Any CPU
	EndGlobalSection
	GlobalSection(SolutionProperties) = preSolution
		HideSolutionNode = FALSE
	EndGlobalSection
EndGlobal
