
Microsoft Visual Studio Solution File, Format Version 12.00
# Visual Studio Express 2013 for Windows Desktop
VisualStudioVersion = 12.0.21005.1
MinimumVisualStudioVersion = 10.0.40219.1
Project("{FAE04EC0-301F-11D3-BF4B-00C04F79EFBC}") = "01OddOrEvenIntegers", "01OddOrEvenIntegers\01OddOrEvenIntegers.csproj", "{3DB526EC-91CE-4507-B590-A934223D9B67}"
EndProject
Project("{FAE04EC0-301F-11D3-BF4B-00C04F79EFBC}") = "03GravitationOnTheMoon", "03GravitationOnTheMoon\03GravitationOnTheMoon.csproj", "{9E51E0EA-A15F-4DF8-AB93-97FCE8540070}"
EndProject
Project("{FAE04EC0-301F-11D3-BF4B-00C04F79EFBC}") = "04Divideby7and5", "04Divideby7and5\04Divideby7and5.csproj", "{20906A8E-6551-4CA8-A74B-38043D985A96}"
EndProject
Project("{FAE04EC0-301F-11D3-BF4B-00C04F79EFBC}") = "05Rectangles", "05Rectangles\05Rectangles.csproj", "{CA2CBFEA-DF7E-4422-BB6E-92A0015B81D3}"
EndProject
Project("{FAE04EC0-301F-11D3-BF4B-00C04F79EFBC}") = "06ThirdDigitIs7", "06ThirdDigitIs7\06ThirdDigitIs7.csproj", "{F9CD1955-B759-443E-A0EE-2D8298CAAB09}"
EndProject
Project("{FAE04EC0-301F-11D3-BF4B-00C04F79EFBC}") = "07FourDigitNumber", "07FourDigitNumber\07FourDigitNumber.csproj", "{4C2C63D1-5536-478F-887B-7C4D1381C029}"
EndProject
Project("{FAE04EC0-301F-11D3-BF4B-00C04F79EFBC}") = "08PointInACircle", "08PointInACircle\08PointInACircle.csproj", "{70832D6B-B80F-4E52-821D-EB8855F5E8D4}"
EndProject
Project("{FAE04EC0-301F-11D3-BF4B-00C04F79EFBC}") = "09PrimeNumberCheck", "09PrimeNumberCheck\09PrimeNumberCheck.csproj", "{C0072091-F3E9-4B2E-A27E-DEF7B3B1BE06}"
EndProject
Project("{FAE04EC0-301F-11D3-BF4B-00C04F79EFBC}") = "10Trapezoids", "10Trapezoids\10Trapezoids.csproj", "{D6C363AE-D011-4A31-B5AF-8566D88CDA7C}"
EndProject
Project("{FAE04EC0-301F-11D3-BF4B-00C04F79EFBC}") = "11PointInsideCircleOutsideRectangle", "11PointInsideCircleOutsideRectangle\11PointInsideCircleOutsideRectangle.csproj", "{C252273D-F017-4E55-AE95-724CBF65B98A}"
EndProject
Project("{FAE04EC0-301F-11D3-BF4B-00C04F79EFBC}") = "12ExtractBitThirdPosition", "12ExtractBitThirdPosition\12ExtractBitThirdPosition.csproj", "{9114752A-55DC-4517-865D-F732BB36876D}"
EndProject
Project("{FAE04EC0-301F-11D3-BF4B-00C04F79EFBC}") = "13ExtractBitFromInteger", "13ExtractBitFromInteger\13ExtractBitFromInteger.csproj", "{63A5F53C-F818-4797-9227-A5D303D89B90}"
EndProject
Project("{FAE04EC0-301F-11D3-BF4B-00C04F79EFBC}") = "14CheckBitAtGivenPosition", "14CheckBitAtGivenPosition\14CheckBitAtGivenPosition.csproj", "{8CB832BD-150D-4B4E-9256-DA53D63EA269}"
EndProject
Project("{FAE04EC0-301F-11D3-BF4B-00C04F79EFBC}") = "15ModifyBitAtGivenPosition", "15ModifyBitAtGivenPosition\15ModifyBitAtGivenPosition.csproj", "{E52CC1C4-D898-4D59-98FB-E35D0F00631A}"
EndProject
Project("{FAE04EC0-301F-11D3-BF4B-00C04F79EFBC}") = "16BitsExchange", "16BitsExchange\16BitsExchange.csproj", "{1C9353FB-44A1-4F36-A831-2EEEF19BB106}"
EndProject
Project("{FAE04EC0-301F-11D3-BF4B-00C04F79EFBC}") = "17BitExchangeAdvanced", "17BitExchangeAdvanced\17BitExchangeAdvanced.csproj", "{BE7CE3BF-1F8D-4B25-BDA7-B3D472D9A110}"
EndProject
Global
	GlobalSection(SolutionConfigurationPlatforms) = preSolution
		Debug|Any CPU = Debug|Any CPU
		Release|Any CPU = Release|Any CPU
	EndGlobalSection
	GlobalSection(ProjectConfigurationPlatforms) = postSolution
		{3DB526EC-91CE-4507-B590-A934223D9B67}.Debug|Any CPU.ActiveCfg = Debug|Any CPU
		{3DB526EC-91CE-4507-B590-A934223D9B67}.Debug|Any CPU.Build.0 = Debug|Any CPU
		{3DB526EC-91CE-4507-B590-A934223D9B67}.Release|Any CPU.ActiveCfg = Release|Any CPU
		{3DB526EC-91CE-4507-B590-A934223D9B67}.Release|Any CPU.Build.0 = Release|Any CPU
		{9E51E0EA-A15F-4DF8-AB93-97FCE8540070}.Debug|Any CPU.ActiveCfg = Debug|Any CPU
		{9E51E0EA-A15F-4DF8-AB93-97FCE8540070}.Debug|Any CPU.Build.0 = Debug|Any CPU
		{9E51E0EA-A15F-4DF8-AB93-97FCE8540070}.Release|Any CPU.ActiveCfg = Release|Any CPU
		{9E51E0EA-A15F-4DF8-AB93-97FCE8540070}.Release|Any CPU.Build.0 = Release|Any CPU
		{20906A8E-6551-4CA8-A74B-38043D985A96}.Debug|Any CPU.ActiveCfg = Debug|Any CPU
		{20906A8E-6551-4CA8-A74B-38043D985A96}.Debug|Any CPU.Build.0 = Debug|Any CPU
		{20906A8E-6551-4CA8-A74B-38043D985A96}.Release|Any CPU.ActiveCfg = Release|Any CPU
		{20906A8E-6551-4CA8-A74B-38043D985A96}.Release|Any CPU.Build.0 = Release|Any CPU
		{CA2CBFEA-DF7E-4422-BB6E-92A0015B81D3}.Debug|Any CPU.ActiveCfg = Debug|Any CPU
		{CA2CBFEA-DF7E-4422-BB6E-92A0015B81D3}.Debug|Any CPU.Build.0 = Debug|Any CPU
		{CA2CBFEA-DF7E-4422-BB6E-92A0015B81D3}.Release|Any CPU.ActiveCfg = Release|Any CPU
		{CA2CBFEA-DF7E-4422-BB6E-92A0015B81D3}.Release|Any CPU.Build.0 = Release|Any CPU
		{F9CD1955-B759-443E-A0EE-2D8298CAAB09}.Debug|Any CPU.ActiveCfg = Debug|Any CPU
		{F9CD1955-B759-443E-A0EE-2D8298CAAB09}.Debug|Any CPU.Build.0 = Debug|Any CPU
		{F9CD1955-B759-443E-A0EE-2D8298CAAB09}.Release|Any CPU.ActiveCfg = Release|Any CPU
		{F9CD1955-B759-443E-A0EE-2D8298CAAB09}.Release|Any CPU.Build.0 = Release|Any CPU
		{4C2C63D1-5536-478F-887B-7C4D1381C029}.Debug|Any CPU.ActiveCfg = Debug|Any CPU
		{4C2C63D1-5536-478F-887B-7C4D1381C029}.Debug|Any CPU.Build.0 = Debug|Any CPU
		{4C2C63D1-5536-478F-887B-7C4D1381C029}.Release|Any CPU.ActiveCfg = Release|Any CPU
		{4C2C63D1-5536-478F-887B-7C4D1381C029}.Release|Any CPU.Build.0 = Release|Any CPU
		{70832D6B-B80F-4E52-821D-EB8855F5E8D4}.Debug|Any CPU.ActiveCfg = Debug|Any CPU
		{70832D6B-B80F-4E52-821D-EB8855F5E8D4}.Debug|Any CPU.Build.0 = Debug|Any CPU
		{70832D6B-B80F-4E52-821D-EB8855F5E8D4}.Release|Any CPU.ActiveCfg = Release|Any CPU
		{70832D6B-B80F-4E52-821D-EB8855F5E8D4}.Release|Any CPU.Build.0 = Release|Any CPU
		{C0072091-F3E9-4B2E-A27E-DEF7B3B1BE06}.Debug|Any CPU.ActiveCfg = Debug|Any CPU
		{C0072091-F3E9-4B2E-A27E-DEF7B3B1BE06}.Debug|Any CPU.Build.0 = Debug|Any CPU
		{C0072091-F3E9-4B2E-A27E-DEF7B3B1BE06}.Release|Any CPU.ActiveCfg = Release|Any CPU
		{C0072091-F3E9-4B2E-A27E-DEF7B3B1BE06}.Release|Any CPU.Build.0 = Release|Any CPU
		{D6C363AE-D011-4A31-B5AF-8566D88CDA7C}.Debug|Any CPU.ActiveCfg = Debug|Any CPU
		{D6C363AE-D011-4A31-B5AF-8566D88CDA7C}.Debug|Any CPU.Build.0 = Debug|Any CPU
		{D6C363AE-D011-4A31-B5AF-8566D88CDA7C}.Release|Any CPU.ActiveCfg = Release|Any CPU
		{D6C363AE-D011-4A31-B5AF-8566D88CDA7C}.Release|Any CPU.Build.0 = Release|Any CPU
		{C252273D-F017-4E55-AE95-724CBF65B98A}.Debug|Any CPU.ActiveCfg = Debug|Any CPU
		{C252273D-F017-4E55-AE95-724CBF65B98A}.Debug|Any CPU.Build.0 = Debug|Any CPU
		{C252273D-F017-4E55-AE95-724CBF65B98A}.Release|Any CPU.ActiveCfg = Release|Any CPU
		{C252273D-F017-4E55-AE95-724CBF65B98A}.Release|Any CPU.Build.0 = Release|Any CPU
		{9114752A-55DC-4517-865D-F732BB36876D}.Debug|Any CPU.ActiveCfg = Debug|Any CPU
		{9114752A-55DC-4517-865D-F732BB36876D}.Debug|Any CPU.Build.0 = Debug|Any CPU
		{9114752A-55DC-4517-865D-F732BB36876D}.Release|Any CPU.ActiveCfg = Release|Any CPU
		{9114752A-55DC-4517-865D-F732BB36876D}.Release|Any CPU.Build.0 = Release|Any CPU
		{63A5F53C-F818-4797-9227-A5D303D89B90}.Debug|Any CPU.ActiveCfg = Debug|Any CPU
		{63A5F53C-F818-4797-9227-A5D303D89B90}.Debug|Any CPU.Build.0 = Debug|Any CPU
		{63A5F53C-F818-4797-9227-A5D303D89B90}.Release|Any CPU.ActiveCfg = Release|Any CPU
		{63A5F53C-F818-4797-9227-A5D303D89B90}.Release|Any CPU.Build.0 = Release|Any CPU
		{8CB832BD-150D-4B4E-9256-DA53D63EA269}.Debug|Any CPU.ActiveCfg = Debug|Any CPU
		{8CB832BD-150D-4B4E-9256-DA53D63EA269}.Debug|Any CPU.Build.0 = Debug|Any CPU
		{8CB832BD-150D-4B4E-9256-DA53D63EA269}.Release|Any CPU.ActiveCfg = Release|Any CPU
		{8CB832BD-150D-4B4E-9256-DA53D63EA269}.Release|Any CPU.Build.0 = Release|Any CPU
		{E52CC1C4-D898-4D59-98FB-E35D0F00631A}.Debug|Any CPU.ActiveCfg = Debug|Any CPU
		{E52CC1C4-D898-4D59-98FB-E35D0F00631A}.Debug|Any CPU.Build.0 = Debug|Any CPU
		{E52CC1C4-D898-4D59-98FB-E35D0F00631A}.Release|Any CPU.ActiveCfg = Release|Any CPU
		{E52CC1C4-D898-4D59-98FB-E35D0F00631A}.Release|Any CPU.Build.0 = Release|Any CPU
		{1C9353FB-44A1-4F36-A831-2EEEF19BB106}.Debug|Any CPU.ActiveCfg = Debug|Any CPU
		{1C9353FB-44A1-4F36-A831-2EEEF19BB106}.Debug|Any CPU.Build.0 = Debug|Any CPU
		{1C9353FB-44A1-4F36-A831-2EEEF19BB106}.Release|Any CPU.ActiveCfg = Release|Any CPU
		{1C9353FB-44A1-4F36-A831-2EEEF19BB106}.Release|Any CPU.Build.0 = Release|Any CPU
		{BE7CE3BF-1F8D-4B25-BDA7-B3D472D9A110}.Debug|Any CPU.ActiveCfg = Debug|Any CPU
		{BE7CE3BF-1F8D-4B25-BDA7-B3D472D9A110}.Debug|Any CPU.Build.0 = Debug|Any CPU
		{BE7CE3BF-1F8D-4B25-BDA7-B3D472D9A110}.Release|Any CPU.ActiveCfg = Release|Any CPU
		{BE7CE3BF-1F8D-4B25-BDA7-B3D472D9A110}.Release|Any CPU.Build.0 = Release|Any CPU
	EndGlobalSection
	GlobalSection(SolutionProperties) = preSolution
		HideSolutionNode = FALSE
	EndGlobalSection
EndGlobal
